
Microsoft Visual Studio Solution File, Format Version 12.00
# Visual Studio Version 16
VisualStudioVersion = 16.0.33927.289
MinimumVisualStudioVersion = 10.0.40219.1
Project("{FAE04EC0-301F-11D3-BF4B-00C04F79EFBC}") = "HelloSoapClient", "HelloSoapClient\HelloSoapClient.csproj", "{61B8A1F2-89AA-4AC1-8665-B50B048AF6DD}"
EndProject
Global
	GlobalSection(SolutionConfigurationPlatforms) = preSolution
		Debug|Any CPU = Debug|Any CPU
		Release|Any CPU = Release|Any CPU
	EndGlobalSection
	GlobalSection(ProjectConfigurationPlatforms) = postSolution
		{61B8A1F2-89AA-4AC1-8665-B50B048AF6DD}.Debug|Any CPU.ActiveCfg = Debug|Any CPU
		{61B8A1F2-89AA-4AC1-8665-B50B048AF6DD}.Debug|Any CPU.Build.0 = Debug|Any CPU
		{61B8A1F2-89AA-4AC1-8665-B50B048AF6DD}.Release|Any CPU.ActiveCfg = Release|Any CPU
		{61B8A1F2-89AA-4AC1-8665-B50B048AF6DD}.Release|Any CPU.Build.0 = Release|Any CPU
	EndGlobalSection
	GlobalSection(SolutionProperties) = preSolution
		HideSolutionNode = FALSE
	EndGlobalSection
	GlobalSection(ExtensibilityGlobals) = postSolution
		SolutionGuid = {83DB1CD5-F26E-4BED-94F8-ADCE94B99BE6}
	EndGlobalSection
EndGlobal
