
Microsoft Visual Studio Solution File, Format Version 12.00
# Visual Studio Version 16
VisualStudioVersion = 16.0.33927.289
MinimumVisualStudioVersion = 10.0.40219.1
Project("{FAE04EC0-301F-11D3-BF4B-00C04F79EFBC}") = "IndividualTaskSoapDS", "IndividualTaskSoapDS\IndividualTaskSoapDS.csproj", "{42A96DCD-E871-4C01-811E-9C6751E3F453}"
EndProject
Global
	GlobalSection(SolutionConfigurationPlatforms) = preSolution
		Debug|Any CPU = Debug|Any CPU
		Release|Any CPU = Release|Any CPU
	EndGlobalSection
	GlobalSection(ProjectConfigurationPlatforms) = postSolution
		{42A96DCD-E871-4C01-811E-9C6751E3F453}.Debug|Any CPU.ActiveCfg = Debug|Any CPU
		{42A96DCD-E871-4C01-811E-9C6751E3F453}.Debug|Any CPU.Build.0 = Debug|Any CPU
		{42A96DCD-E871-4C01-811E-9C6751E3F453}.Release|Any CPU.ActiveCfg = Release|Any CPU
		{42A96DCD-E871-4C01-811E-9C6751E3F453}.Release|Any CPU.Build.0 = Release|Any CPU
	EndGlobalSection
	GlobalSection(SolutionProperties) = preSolution
		HideSolutionNode = FALSE
	EndGlobalSection
	GlobalSection(ExtensibilityGlobals) = postSolution
		SolutionGuid = {EDCE6965-F5A9-4B4D-A8C5-E721986C0DE3}
	EndGlobalSection
EndGlobal
