
Microsoft Visual Studio Solution File, Format Version 12.00
# Visual Studio Version 16
VisualStudioVersion = 16.0.33927.289
MinimumVisualStudioVersion = 10.0.40219.1
Project("{FAE04EC0-301F-11D3-BF4B-00C04F79EFBC}") = "XmlRpcClient2023Console", "XmlRpcClient2023Console\XmlRpcClient2023Console.csproj", "{AEE1770C-45A5-41ED-AAB0-BC3247FA06ED}"
EndProject
Global
	GlobalSection(SolutionConfigurationPlatforms) = preSolution
		Debug|Any CPU = Debug|Any CPU
		Release|Any CPU = Release|Any CPU
	EndGlobalSection
	GlobalSection(ProjectConfigurationPlatforms) = postSolution
		{AEE1770C-45A5-41ED-AAB0-BC3247FA06ED}.Debug|Any CPU.ActiveCfg = Debug|Any CPU
		{AEE1770C-45A5-41ED-AAB0-BC3247FA06ED}.Debug|Any CPU.Build.0 = Debug|Any CPU
		{AEE1770C-45A5-41ED-AAB0-BC3247FA06ED}.Release|Any CPU.ActiveCfg = Release|Any CPU
		{AEE1770C-45A5-41ED-AAB0-BC3247FA06ED}.Release|Any CPU.Build.0 = Release|Any CPU
	EndGlobalSection
	GlobalSection(SolutionProperties) = preSolution
		HideSolutionNode = FALSE
	EndGlobalSection
	GlobalSection(ExtensibilityGlobals) = postSolution
		SolutionGuid = {0A7511C7-511C-494C-AF4F-1AA27121E562}
	EndGlobalSection
EndGlobal
